{
  "name": "project-0.0.1",
  "version": "1.0.0",
  "lockfileVersion": 3,
  "requires": true,
  "packages": {
    "": {
      "name": "project-0.0.1",
      "version": "1.0.0",
      "license": "ISC",
      "dependencies": {
        "example-library": "^0.4.0"
      }
    },
    "node_modules/example-library": {
      "version": "0.4.0",
      "resolved": "https://registry.npmjs.org/example-library/-/example-library-0.4.0.tgz",
      "integrity": "sha512-sGclAaH7zUoTK8delNMwqG578Idx9OEh7ggASlx25cl2qotUNNci0xBYCE+8YSKulKFQX3fe8xNdSEg9LSI1Rg=="
    }
  }
}
